{
    "_readme": [
        "This file locks the dependencies of your project to a known state",
        "Read more about it at https://getcomposer.org/doc/01-basic-usage.md#installing-dependencies",
        "This file is @generated automatically"
    ],
    "content-hash": "83733fa64be9ea5ba48333c972c63d0f",
    "packages": [
        {
            "name": "phptailors/phpunit-common",
            "version": "0.1.2",
            "source": {
                "type": "git",
                "url": "https://github.com/phptailors/phpunit-common.git",
                "reference": "6cf994d1de272679fe7123438d6418fe6fcf62ed"
            },
            "dist": {
                "type": "zip",
                "url": "https://api.github.com/repos/phptailors/phpunit-common/zipball/6cf994d1de272679fe7123438d6418fe6fcf62ed",
                "reference": "6cf994d1de272679fe7123438d6418fe6fcf62ed",
                "shasum": ""
            },
            "require": {
                "php": ">=7.4",
                "sebastian/exporter": "^4.0",
                "sebastian/recursion-context": "^4.0.3"
            },
            "require-dev": {
                "bamarni/composer-bin-plugin": "^1.8"
            },
            "type": "library",
            "extra": {
                "bamarni-bin": {
                    "bin-links": true,
                    "target-directory": "vendor-bin",
                    "forward-command": false
                }
            },
            "autoload": {
                "psr-4": {
                    "Tailors\\PHPUnit\\": "src/"
                }
            },
            "notification-url": "https://packagist.org/downloads/",
            "license": [
                "MIT"
            ],
            "authors": [
                {
                    "name": "Paweł Tomulik",
                    "email": "ptomulik@meil.pw.edu.pl"
                }
            ],
            "description": "Common objects used by other phptailors/phunit-* packages",
            "support": {
                "issues": "https://github.com/phptailors/phpunit-extensions/issues",
                "source": "https://github.com/phptailors/phpunit-extensions"
            },
            "time": "2023-01-09T01:31:50+00:00"
        },
        {
            "name": "sebastian/exporter",
            "version": "4.0.5",
            "source": {
                "type": "git",
                "url": "https://github.com/sebastianbergmann/exporter.git",
                "reference": "ac230ed27f0f98f597c8a2b6eb7ac563af5e5b9d"
            },
            "dist": {
                "type": "zip",
                "url": "https://api.github.com/repos/sebastianbergmann/exporter/zipball/ac230ed27f0f98f597c8a2b6eb7ac563af5e5b9d",
                "reference": "ac230ed27f0f98f597c8a2b6eb7ac563af5e5b9d",
                "shasum": ""
            },
            "require": {
                "php": ">=7.3",
                "sebastian/recursion-context": "^4.0"
            },
            "require-dev": {
                "ext-mbstring": "*",
                "phpunit/phpunit": "^9.3"
            },
            "type": "library",
            "extra": {
                "branch-alias": {
                    "dev-master": "4.0-dev"
                }
            },
            "autoload": {
                "classmap": [
                    "src/"
                ]
            },
            "notification-url": "https://packagist.org/downloads/",
            "license": [
                "BSD-3-Clause"
            ],
            "authors": [
                {
                    "name": "Sebastian Bergmann",
                    "email": "sebastian@phpunit.de"
                },
                {
                    "name": "Jeff Welch",
                    "email": "whatthejeff@gmail.com"
                },
                {
                    "name": "Volker Dusch",
                    "email": "github@wallbash.com"
                },
                {
                    "name": "Adam Harvey",
                    "email": "aharvey@php.net"
                },
                {
                    "name": "Bernhard Schussek",
                    "email": "bschussek@gmail.com"
                }
            ],
            "description": "Provides the functionality to export PHP variables for visualization",
            "homepage": "https://www.github.com/sebastianbergmann/exporter",
            "keywords": [
                "export",
                "exporter"
            ],
            "support": {
                "issues": "https://github.com/sebastianbergmann/exporter/issues",
                "source": "https://github.com/sebastianbergmann/exporter/tree/4.0.5"
            },
            "funding": [
                {
                    "url": "https://github.com/sebastianbergmann",
                    "type": "github"
                }
            ],
            "time": "2022-09-14T06:03:37+00:00"
        },
        {
            "name": "sebastian/recursion-context",
            "version": "4.0.5",
            "source": {
                "type": "git",
                "url": "https://github.com/sebastianbergmann/recursion-context.git",
                "reference": "e75bd0f07204fec2a0af9b0f3cfe97d05f92efc1"
            },
            "dist": {
                "type": "zip",
                "url": "https://api.github.com/repos/sebastianbergmann/recursion-context/zipball/e75bd0f07204fec2a0af9b0f3cfe97d05f92efc1",
                "reference": "e75bd0f07204fec2a0af9b0f3cfe97d05f92efc1",
                "shasum": ""
            },
            "require": {
                "php": ">=7.3"
            },
            "require-dev": {
                "phpunit/phpunit": "^9.3"
            },
            "type": "library",
            "extra": {
                "branch-alias": {
                    "dev-master": "4.0-dev"
                }
            },
            "autoload": {
                "classmap": [
                    "src/"
                ]
            },
            "notification-url": "https://packagist.org/downloads/",
            "license": [
                "BSD-3-Clause"
            ],
            "authors": [
                {
                    "name": "Sebastian Bergmann",
                    "email": "sebastian@phpunit.de"
                },
                {
                    "name": "Jeff Welch",
                    "email": "whatthejeff@gmail.com"
                },
                {
                    "name": "Adam Harvey",
                    "email": "aharvey@php.net"
                }
            ],
            "description": "Provides functionality to recursively process PHP variables",
            "homepage": "https://github.com/sebastianbergmann/recursion-context",
            "support": {
                "issues": "https://github.com/sebastianbergmann/recursion-context/issues",
                "source": "https://github.com/sebastianbergmann/recursion-context/tree/4.0.5"
            },
            "funding": [
                {
                    "url": "https://github.com/sebastianbergmann",
                    "type": "github"
                }
            ],
            "time": "2023-02-03T06:07:39+00:00"
        }
    ],
    "packages-dev": [],
    "aliases": [],
    "minimum-stability": "stable",
    "stability-flags": [],
    "prefer-stable": false,
    "prefer-lowest": false,
    "platform": [],
    "platform-dev": [],
    "plugin-api-version": "2.6.0"
}
